// !$*UTF8*$!
{
	archiveVersion = 1;
	classes = {
	};
	objectVersion = 56;
	objects = {

/* Begin PBXBuildFile section */
		6E4367832BC67948009848C2 /* CaptionTextView.swift in Sources */ = {isa = PBXBuildFile; fileRef = 6E4367822BC67948009848C2 /* CaptionTextView.swift */; };
		6E58E5092BBEC7AB00100A9F /* FirebaseAnalytics in Frameworks */ = {isa = PBXBuildFile; productRef = 6E58E5082BBEC7AB00100A9F /* FirebaseAnalytics */; };
		6E58E50B2BBEC7AB00100A9F /* FirebaseAnalyticsOnDeviceConversion in Frameworks */ = {isa = PBXBuildFile; productRef = 6E58E50A2BBEC7AB00100A9F /* FirebaseAnalyticsOnDeviceConversion */; };
		6E58E50D2BBEC7AB00100A9F /* FirebaseAnalyticsSwift in Frameworks */ = {isa = PBXBuildFile; productRef = 6E58E50C2BBEC7AB00100A9F /* FirebaseAnalyticsSwift */; };
		6E58E50F2BBEC7AB00100A9F /* FirebaseAnalyticsWithoutAdIdSupport in Frameworks */ = {isa = PBXBuildFile; productRef = 6E58E50E2BBEC7AB00100A9F /* FirebaseAnalyticsWithoutAdIdSupport */; };
		6E58E5112BBEC7AB00100A9F /* FirebaseAppCheck in Frameworks */ = {isa = PBXBuildFile; productRef = 6E58E5102BBEC7AB00100A9F /* FirebaseAppCheck */; };
		6E58E5132BBECD6800100A9F /* Package.swift in Sources */ = {isa = PBXBuildFile; fileRef = 6E58E5122BBECD6800100A9F /* Package.swift */; };
		6E58E5162BBECE6800100A9F /* FirebaseAuth in Frameworks */ = {isa = PBXBuildFile; productRef = 6E58E5152BBECE6800100A9F /* FirebaseAuth */; };
		6E58E5182BBECEBE00100A9F /* FirebaseDatabase in Frameworks */ = {isa = PBXBuildFile; productRef = 6E58E5172BBECEBE00100A9F /* FirebaseDatabase */; };
		6E58E51A2BBED8CC00100A9F /* GoogleService-Info.plist in Resources */ = {isa = PBXBuildFile; fileRef = 6E58E5192BBED8CC00100A9F /* GoogleService-Info.plist */; };
		6E79B12F2BBFD67F00489668 /* Constants.swift in Sources */ = {isa = PBXBuildFile; fileRef = 6E79B12E2BBFD67F00489668 /* Constants.swift */; };
		6E79B1312BBFE22300489668 /* Main.storyboard in Resources */ = {isa = PBXBuildFile; fileRef = 6E79B1302BBFE22300489668 /* Main.storyboard */; };
		6E79B1332BBFE53E00489668 /* FirebaseStorage in Frameworks */ = {isa = PBXBuildFile; productRef = 6E79B1322BBFE53E00489668 /* FirebaseStorage */; };
		6E79B1352BC00F7C00489668 /* AuthService.swift in Sources */ = {isa = PBXBuildFile; fileRef = 6E79B1342BC00F7C00489668 /* AuthService.swift */; };
		6E90326F2BC54E280071B1B6 /* UserService.swift in Sources */ = {isa = PBXBuildFile; fileRef = 6E90326E2BC54E280071B1B6 /* UserService.swift */; };
		6E9032712BC5562F0071B1B6 /* FirebaseAppDistribution-Beta in Frameworks */ = {isa = PBXBuildFile; productRef = 6E9032702BC5562F0071B1B6 /* FirebaseAppDistribution-Beta */; };
		6E9032732BC5562F0071B1B6 /* FirebaseAuthCombine-Community in Frameworks */ = {isa = PBXBuildFile; productRef = 6E9032722BC5562F0071B1B6 /* FirebaseAuthCombine-Community */; };
		6E9032752BC5562F0071B1B6 /* FirebaseCrashlytics in Frameworks */ = {isa = PBXBuildFile; productRef = 6E9032742BC5562F0071B1B6 /* FirebaseCrashlytics */; };
		6E9032772BC5562F0071B1B6 /* FirebaseDatabaseSwift in Frameworks */ = {isa = PBXBuildFile; productRef = 6E9032762BC5562F0071B1B6 /* FirebaseDatabaseSwift */; };
		6E9032792BC5562F0071B1B6 /* FirebaseDynamicLinks in Frameworks */ = {isa = PBXBuildFile; productRef = 6E9032782BC5562F0071B1B6 /* FirebaseDynamicLinks */; };
		6E90327B2BC5562F0071B1B6 /* FirebaseFirestore in Frameworks */ = {isa = PBXBuildFile; productRef = 6E90327A2BC5562F0071B1B6 /* FirebaseFirestore */; };
		6E90327D2BC5562F0071B1B6 /* FirebaseFirestoreCombine-Community in Frameworks */ = {isa = PBXBuildFile; productRef = 6E90327C2BC5562F0071B1B6 /* FirebaseFirestoreCombine-Community */; };
		6E90327F2BC5562F0071B1B6 /* FirebaseFirestoreSwift in Frameworks */ = {isa = PBXBuildFile; productRef = 6E90327E2BC5562F0071B1B6 /* FirebaseFirestoreSwift */; };
		6E9032812BC5562F0071B1B6 /* FirebaseFunctions in Frameworks */ = {isa = PBXBuildFile; productRef = 6E9032802BC5562F0071B1B6 /* FirebaseFunctions */; };
		6E9032832BC5562F0071B1B6 /* FirebaseFunctionsCombine-Community in Frameworks */ = {isa = PBXBuildFile; productRef = 6E9032822BC5562F0071B1B6 /* FirebaseFunctionsCombine-Community */; };
		6E9032852BC5562F0071B1B6 /* FirebaseInAppMessaging-Beta in Frameworks */ = {isa = PBXBuildFile; productRef = 6E9032842BC5562F0071B1B6 /* FirebaseInAppMessaging-Beta */; };
		6E9032872BC5562F0071B1B6 /* FirebaseInAppMessagingSwift-Beta in Frameworks */ = {isa = PBXBuildFile; productRef = 6E9032862BC5562F0071B1B6 /* FirebaseInAppMessagingSwift-Beta */; };
		6E9032892BC5562F0071B1B6 /* FirebaseInstallations in Frameworks */ = {isa = PBXBuildFile; productRef = 6E9032882BC5562F0071B1B6 /* FirebaseInstallations */; };
		6E90328B2BC5562F0071B1B6 /* FirebaseMessaging in Frameworks */ = {isa = PBXBuildFile; productRef = 6E90328A2BC5562F0071B1B6 /* FirebaseMessaging */; };
		6E90328D2BC5562F0071B1B6 /* FirebaseMLModelDownloader in Frameworks */ = {isa = PBXBuildFile; productRef = 6E90328C2BC5562F0071B1B6 /* FirebaseMLModelDownloader */; };
		6E90328F2BC5562F0071B1B6 /* FirebasePerformance in Frameworks */ = {isa = PBXBuildFile; productRef = 6E90328E2BC5562F0071B1B6 /* FirebasePerformance */; };
		6E9032912BC5562F0071B1B6 /* FirebaseRemoteConfig in Frameworks */ = {isa = PBXBuildFile; productRef = 6E9032902BC5562F0071B1B6 /* FirebaseRemoteConfig */; };
		6E9032932BC5562F0071B1B6 /* FirebaseRemoteConfigSwift in Frameworks */ = {isa = PBXBuildFile; productRef = 6E9032922BC5562F0071B1B6 /* FirebaseRemoteConfigSwift */; };
		6E9032952BC5562F0071B1B6 /* FirebaseStorageCombine-Community in Frameworks */ = {isa = PBXBuildFile; productRef = 6E9032942BC5562F0071B1B6 /* FirebaseStorageCombine-Community */; };
		6E9032972BC55B970071B1B6 /* User.swift in Sources */ = {isa = PBXBuildFile; fileRef = 6E9032962BC55B970071B1B6 /* User.swift */; };
		6E90329A2BC569BD0071B1B6 /* SDWebImage in Frameworks */ = {isa = PBXBuildFile; productRef = 6E9032992BC569BD0071B1B6 /* SDWebImage */; };
		6E90329C2BC569BD0071B1B6 /* SDWebImageMapKit in Frameworks */ = {isa = PBXBuildFile; productRef = 6E90329B2BC569BD0071B1B6 /* SDWebImageMapKit */; };
		6E90329E2BC578F00071B1B6 /* UploadTwitController.swift in Sources */ = {isa = PBXBuildFile; fileRef = 6E90329D2BC578F00071B1B6 /* UploadTwitController.swift */; };
		6EAC89542BBBE21D00AA1E25 /* AppDelegate.swift in Sources */ = {isa = PBXBuildFile; fileRef = 6EAC89532BBBE21D00AA1E25 /* AppDelegate.swift */; };
		6EAC89562BBBE21D00AA1E25 /* SceneDelegate.swift in Sources */ = {isa = PBXBuildFile; fileRef = 6EAC89552BBBE21D00AA1E25 /* SceneDelegate.swift */; };
		6EAC895D2BBBE22000AA1E25 /* Assets.xcassets in Resources */ = {isa = PBXBuildFile; fileRef = 6EAC895C2BBBE22000AA1E25 /* Assets.xcassets */; };
		6EAC896F2BBBE40800AA1E25 /* MainTabController.swift in Sources */ = {isa = PBXBuildFile; fileRef = 6EAC896E2BBBE40800AA1E25 /* MainTabController.swift */; };
		6EAC89712BBBE6D100AA1E25 /* FeedController.swift in Sources */ = {isa = PBXBuildFile; fileRef = 6EAC89702BBBE6D100AA1E25 /* FeedController.swift */; };
		6EAC89732BBBE75700AA1E25 /* ExploreController.swift in Sources */ = {isa = PBXBuildFile; fileRef = 6EAC89722BBBE75700AA1E25 /* ExploreController.swift */; };
		6EAC89752BBBE79D00AA1E25 /* NotificationsController.swift in Sources */ = {isa = PBXBuildFile; fileRef = 6EAC89742BBBE79D00AA1E25 /* NotificationsController.swift */; };
		6EAC89772BBBE7C000AA1E25 /* MessagesController.swift in Sources */ = {isa = PBXBuildFile; fileRef = 6EAC89762BBBE7C000AA1E25 /* MessagesController.swift */; };
		6EAC89792BBC0FC900AA1E25 /* Extensions.swift in Sources */ = {isa = PBXBuildFile; fileRef = 6EAC89782BBC0FC900AA1E25 /* Extensions.swift */; };
		6EAC897D2BBC19A700AA1E25 /* LoginController.swift in Sources */ = {isa = PBXBuildFile; fileRef = 6EAC897C2BBC19A700AA1E25 /* LoginController.swift */; };
		6EAC897F2BBC1ACC00AA1E25 /* RegistrationController.swift in Sources */ = {isa = PBXBuildFile; fileRef = 6EAC897E2BBC1ACC00AA1E25 /* RegistrationController.swift */; };
		6EE38E482BBD326600B7EF02 /* Utilities.swift 12-32-00-801.swift in Sources */ = {isa = PBXBuildFile; fileRef = 6EE38E472BBD326600B7EF02 /* Utilities.swift 12-32-00-801.swift */; };
/* End PBXBuildFile section */

/* Begin PBXFileReference section */
		6E4367822BC67948009848C2 /* CaptionTextView.swift */ = {isa = PBXFileReference; lastKnownFileType = sourcecode.swift; path = CaptionTextView.swift; sourceTree = "<group>"; };
		6E58E5122BBECD6800100A9F /* Package.swift */ = {isa = PBXFileReference; lastKnownFileType = sourcecode.swift; path = Package.swift; sourceTree = "<group>"; };
		6E58E5192BBED8CC00100A9F /* GoogleService-Info.plist */ = {isa = PBXFileReference; fileEncoding = 4; lastKnownFileType = text.plist.xml; name = "GoogleService-Info.plist"; path = "../../../Documents/TFG/GoogleService-Info.plist"; sourceTree = "<group>"; };
		6E79B12E2BBFD67F00489668 /* Constants.swift */ = {isa = PBXFileReference; lastKnownFileType = sourcecode.swift; path = Constants.swift; sourceTree = "<group>"; };
		6E79B1302BBFE22300489668 /* Main.storyboard */ = {isa = PBXFileReference; lastKnownFileType = file.storyboard; path = Main.storyboard; sourceTree = "<group>"; };
		6E79B1342BC00F7C00489668 /* AuthService.swift */ = {isa = PBXFileReference; lastKnownFileType = sourcecode.swift; path = AuthService.swift; sourceTree = "<group>"; };
		6E90326E2BC54E280071B1B6 /* UserService.swift */ = {isa = PBXFileReference; lastKnownFileType = sourcecode.swift; path = UserService.swift; sourceTree = "<group>"; };
		6E9032962BC55B970071B1B6 /* User.swift */ = {isa = PBXFileReference; lastKnownFileType = sourcecode.swift; path = User.swift; sourceTree = "<group>"; };
		6E90329D2BC578F00071B1B6 /* UploadTwitController.swift */ = {isa = PBXFileReference; lastKnownFileType = sourcecode.swift; path = UploadTwitController.swift; sourceTree = "<group>"; };
		6EAC89502BBBE21D00AA1E25 /* TwitterClone.app */ = {isa = PBXFileReference; explicitFileType = wrapper.application; includeInIndex = 0; path = TwitterClone.app; sourceTree = BUILT_PRODUCTS_DIR; };
		6EAC89532BBBE21D00AA1E25 /* AppDelegate.swift */ = {isa = PBXFileReference; lastKnownFileType = sourcecode.swift; path = AppDelegate.swift; sourceTree = "<group>"; };
		6EAC89552BBBE21D00AA1E25 /* SceneDelegate.swift */ = {isa = PBXFileReference; lastKnownFileType = sourcecode.swift; path = SceneDelegate.swift; sourceTree = "<group>"; };
		6EAC895C2BBBE22000AA1E25 /* Assets.xcassets */ = {isa = PBXFileReference; lastKnownFileType = folder.assetcatalog; path = Assets.xcassets; sourceTree = "<group>"; };
		6EAC89612BBBE22000AA1E25 /* Info.plist */ = {isa = PBXFileReference; lastKnownFileType = text.plist.xml; path = Info.plist; sourceTree = "<group>"; };
		6EAC896E2BBBE40800AA1E25 /* MainTabController.swift */ = {isa = PBXFileReference; lastKnownFileType = sourcecode.swift; path = MainTabController.swift; sourceTree = "<group>"; };
		6EAC89702BBBE6D100AA1E25 /* FeedController.swift */ = {isa = PBXFileReference; lastKnownFileType = sourcecode.swift; name = FeedController.swift; path = /Users/sleivaal/proyects/TwitterClone/TwitterClone/Controller/FeedController.swift; sourceTree = "<absolute>"; };
		6EAC89722BBBE75700AA1E25 /* ExploreController.swift */ = {isa = PBXFileReference; lastKnownFileType = sourcecode.swift; path = ExploreController.swift; sourceTree = "<group>"; };
		6EAC89742BBBE79D00AA1E25 /* NotificationsController.swift */ = {isa = PBXFileReference; lastKnownFileType = sourcecode.swift; path = NotificationsController.swift; sourceTree = "<group>"; };
		6EAC89762BBBE7C000AA1E25 /* MessagesController.swift */ = {isa = PBXFileReference; lastKnownFileType = sourcecode.swift; name = MessagesController.swift; path = /Users/sleivaal/proyects/TwitterClone/TwitterClone/Controller/MessagesController.swift; sourceTree = "<absolute>"; };
		6EAC89782BBC0FC900AA1E25 /* Extensions.swift */ = {isa = PBXFileReference; fileEncoding = 4; lastKnownFileType = sourcecode.swift; path = Extensions.swift; sourceTree = "<group>"; };
		6EAC897C2BBC19A700AA1E25 /* LoginController.swift */ = {isa = PBXFileReference; lastKnownFileType = sourcecode.swift; path = LoginController.swift; sourceTree = "<group>"; };
		6EAC897E2BBC1ACC00AA1E25 /* RegistrationController.swift */ = {isa = PBXFileReference; lastKnownFileType = sourcecode.swift; path = RegistrationController.swift; sourceTree = "<group>"; };
		6EE38E472BBD326600B7EF02 /* Utilities.swift 12-32-00-801.swift */ = {isa = PBXFileReference; lastKnownFileType = sourcecode.swift; name = "Utilities.swift 12-32-00-801.swift"; path = "/Users/sleivaal/proyects/TwitterClone/TwitterClone/Utils/Utilities.swift 12-32-00-801.swift"; sourceTree = "<absolute>"; };
/* End PBXFileReference section */

/* Begin PBXFrameworksBuildPhase section */
		6EAC894D2BBBE21D00AA1E25 /* Frameworks */ = {
			isa = PBXFrameworksBuildPhase;
			buildActionMask = 2147483647;
			files = (
				6E90329C2BC569BD0071B1B6 /* SDWebImageMapKit in Frameworks */,
				6E9032812BC5562F0071B1B6 /* FirebaseFunctions in Frameworks */,
				6E9032772BC5562F0071B1B6 /* FirebaseDatabaseSwift in Frameworks */,
				6E9032872BC5562F0071B1B6 /* FirebaseInAppMessagingSwift-Beta in Frameworks */,
				6E58E50D2BBEC7AB00100A9F /* FirebaseAnalyticsSwift in Frameworks */,
				6E58E5162BBECE6800100A9F /* FirebaseAuth in Frameworks */,
				6E90327D2BC5562F0071B1B6 /* FirebaseFirestoreCombine-Community in Frameworks */,
				6E58E5092BBEC7AB00100A9F /* FirebaseAnalytics in Frameworks */,
				6E58E50B2BBEC7AB00100A9F /* FirebaseAnalyticsOnDeviceConversion in Frameworks */,
				6E58E5112BBEC7AB00100A9F /* FirebaseAppCheck in Frameworks */,
				6E90328D2BC5562F0071B1B6 /* FirebaseMLModelDownloader in Frameworks */,
				6E90329A2BC569BD0071B1B6 /* SDWebImage in Frameworks */,
				6E90327F2BC5562F0071B1B6 /* FirebaseFirestoreSwift in Frameworks */,
				6E9032752BC5562F0071B1B6 /* FirebaseCrashlytics in Frameworks */,
				6E79B1332BBFE53E00489668 /* FirebaseStorage in Frameworks */,
				6E9032852BC5562F0071B1B6 /* FirebaseInAppMessaging-Beta in Frameworks */,
				6E90328F2BC5562F0071B1B6 /* FirebasePerformance in Frameworks */,
				6E9032832BC5562F0071B1B6 /* FirebaseFunctionsCombine-Community in Frameworks */,
				6E9032952BC5562F0071B1B6 /* FirebaseStorageCombine-Community in Frameworks */,
				6E58E5182BBECEBE00100A9F /* FirebaseDatabase in Frameworks */,
				6E9032892BC5562F0071B1B6 /* FirebaseInstallations in Frameworks */,
				6E58E50F2BBEC7AB00100A9F /* FirebaseAnalyticsWithoutAdIdSupport in Frameworks */,
				6E9032912BC5562F0071B1B6 /* FirebaseRemoteConfig in Frameworks */,
				6E9032712BC5562F0071B1B6 /* FirebaseAppDistribution-Beta in Frameworks */,
				6E9032732BC5562F0071B1B6 /* FirebaseAuthCombine-Community in Frameworks */,
				6E9032792BC5562F0071B1B6 /* FirebaseDynamicLinks in Frameworks */,
				6E90328B2BC5562F0071B1B6 /* FirebaseMessaging in Frameworks */,
				6E90327B2BC5562F0071B1B6 /* FirebaseFirestore in Frameworks */,
				6E9032932BC5562F0071B1B6 /* FirebaseRemoteConfigSwift in Frameworks */,
			);
			runOnlyForDeploymentPostprocessing = 0;
		};
/* End PBXFrameworksBuildPhase section */

/* Begin PBXGroup section */
		6E58E5142BBECE6800100A9F /* Frameworks */ = {
			isa = PBXGroup;
			children = (
			);
			name = Frameworks;
			sourceTree = "<group>";
		};
		6EAC89472BBBE21D00AA1E25 = {
			isa = PBXGroup;
			children = (
				6EAC89522BBBE21D00AA1E25 /* TwitterClone */,
				6EAC89512BBBE21D00AA1E25 /* Products */,
				6E58E5142BBECE6800100A9F /* Frameworks */,
			);
			sourceTree = "<group>";
		};
		6EAC89512BBBE21D00AA1E25 /* Products */ = {
			isa = PBXGroup;
			children = (
				6EAC89502BBBE21D00AA1E25 /* TwitterClone.app */,
			);
			name = Products;
			sourceTree = "<group>";
		};
		6EAC89522BBBE21D00AA1E25 /* TwitterClone */ = {
			isa = PBXGroup;
			children = (
				6E58E5192BBED8CC00100A9F /* GoogleService-Info.plist */,
				6EAC896D2BBBE29300AA1E25 /* Model */,
				6EAC896C2BBBE28F00AA1E25 /* View */,
				6EAC896B2BBBE28D00AA1E25 /* ViewModel */,
				6EAC896A2BBBE28B00AA1E25 /* Controller */,
				6EAC89682BBBE27500AA1E25 /* API */,
				6EAC89672BBBE26C00AA1E25 /* Utils */,
				6EAC89532BBBE21D00AA1E25 /* AppDelegate.swift */,
				6EAC89552BBBE21D00AA1E25 /* SceneDelegate.swift */,
				6EAC895C2BBBE22000AA1E25 /* Assets.xcassets */,
				6EAC89612BBBE22000AA1E25 /* Info.plist */,
				6E58E5122BBECD6800100A9F /* Package.swift */,
				6E79B1302BBFE22300489668 /* Main.storyboard */,
			);
			path = TwitterClone;
			sourceTree = "<group>";
		};
		6EAC89672BBBE26C00AA1E25 /* Utils */ = {
			isa = PBXGroup;
			children = (
				6E79B12E2BBFD67F00489668 /* Constants.swift */,
				6EAC89782BBC0FC900AA1E25 /* Extensions.swift */,
				6EE38E472BBD326600B7EF02 /* Utilities.swift 12-32-00-801.swift */,
			);
			path = Utils;
			sourceTree = "<group>";
		};
		6EAC89682BBBE27500AA1E25 /* API */ = {
			isa = PBXGroup;
			children = (
				6E79B1342BC00F7C00489668 /* AuthService.swift */,
				6E90326E2BC54E280071B1B6 /* UserService.swift */,
			);
			path = API;
			sourceTree = "<group>";
		};
		6EAC896A2BBBE28B00AA1E25 /* Controller */ = {
			isa = PBXGroup;
			children = (
				6EAC897A2BBC197D00AA1E25 /*  Authentication */,
				6EAC896E2BBBE40800AA1E25 /* MainTabController.swift */,
				6EAC89702BBBE6D100AA1E25 /* FeedController.swift */,
				6EAC89722BBBE75700AA1E25 /* ExploreController.swift */,
				6EAC89742BBBE79D00AA1E25 /* NotificationsController.swift */,
				6EAC89762BBBE7C000AA1E25 /* MessagesController.swift */,
				6E90329D2BC578F00071B1B6 /* UploadTwitController.swift */,
			);
			path = Controller;
			sourceTree = "<group>";
		};
		6EAC896B2BBBE28D00AA1E25 /* ViewModel */ = {
			isa = PBXGroup;
			children = (
			);
			path = ViewModel;
			sourceTree = "<group>";
		};
		6EAC896C2BBBE28F00AA1E25 /* View */ = {
			isa = PBXGroup;
			children = (
				6E4367822BC67948009848C2 /* CaptionTextView.swift */,
			);
			path = View;
			sourceTree = "<group>";
		};
		6EAC896D2BBBE29300AA1E25 /* Model */ = {
			isa = PBXGroup;
			children = (
				6E9032962BC55B970071B1B6 /* User.swift */,
			);
			path = Model;
			sourceTree = "<group>";
		};
		6EAC897A2BBC197D00AA1E25 /*  Authentication */ = {
			isa = PBXGroup;
			children = (
				6EAC897C2BBC19A700AA1E25 /* LoginController.swift */,
				6EAC897E2BBC1ACC00AA1E25 /* RegistrationController.swift */,
			);
			name = " Authentication";
			path = "/Users/sleivaal/proyects/TwitterClone/TwitterClone/Controller/ Authentication";
			sourceTree = "<absolute>";
		};
/* End PBXGroup section */

/* Begin PBXNativeTarget section */
		6EAC894F2BBBE21D00AA1E25 /* TwitterClone */ = {
			isa = PBXNativeTarget;
			buildConfigurationList = 6EAC89642BBBE22000AA1E25 /* Build configuration list for PBXNativeTarget "TwitterClone" */;
			buildPhases = (
				6EAC894C2BBBE21D00AA1E25 /* Sources */,
				6EAC894D2BBBE21D00AA1E25 /* Frameworks */,
				6EAC894E2BBBE21D00AA1E25 /* Resources */,
			);
			buildRules = (
			);
			dependencies = (
				6E3FB72D2BBF01B700269B0D /* PBXTargetDependency */,
				6E3FB72B2BBF01AE00269B0D /* PBXTargetDependency */,
			);
			name = TwitterClone;
			packageProductDependencies = (
				6E58E5082BBEC7AB00100A9F /* FirebaseAnalytics */,
				6E58E50A2BBEC7AB00100A9F /* FirebaseAnalyticsOnDeviceConversion */,
				6E58E50C2BBEC7AB00100A9F /* FirebaseAnalyticsSwift */,
				6E58E50E2BBEC7AB00100A9F /* FirebaseAnalyticsWithoutAdIdSupport */,
				6E58E5102BBEC7AB00100A9F /* FirebaseAppCheck */,
				6E58E5152BBECE6800100A9F /* FirebaseAuth */,
				6E58E5172BBECEBE00100A9F /* FirebaseDatabase */,
				6E79B1322BBFE53E00489668 /* FirebaseStorage */,
				6E9032702BC5562F0071B1B6 /* FirebaseAppDistribution-Beta */,
				6E9032722BC5562F0071B1B6 /* FirebaseAuthCombine-Community */,
				6E9032742BC5562F0071B1B6 /* FirebaseCrashlytics */,
				6E9032762BC5562F0071B1B6 /* FirebaseDatabaseSwift */,
				6E9032782BC5562F0071B1B6 /* FirebaseDynamicLinks */,
				6E90327A2BC5562F0071B1B6 /* FirebaseFirestore */,
				6E90327C2BC5562F0071B1B6 /* FirebaseFirestoreCombine-Community */,
				6E90327E2BC5562F0071B1B6 /* FirebaseFirestoreSwift */,
				6E9032802BC5562F0071B1B6 /* FirebaseFunctions */,
				6E9032822BC5562F0071B1B6 /* FirebaseFunctionsCombine-Community */,
				6E9032842BC5562F0071B1B6 /* FirebaseInAppMessaging-Beta */,
				6E9032862BC5562F0071B1B6 /* FirebaseInAppMessagingSwift-Beta */,
				6E9032882BC5562F0071B1B6 /* FirebaseInstallations */,
				6E90328A2BC5562F0071B1B6 /* FirebaseMessaging */,
				6E90328C2BC5562F0071B1B6 /* FirebaseMLModelDownloader */,
				6E90328E2BC5562F0071B1B6 /* FirebasePerformance */,
				6E9032902BC5562F0071B1B6 /* FirebaseRemoteConfig */,
				6E9032922BC5562F0071B1B6 /* FirebaseRemoteConfigSwift */,
				6E9032942BC5562F0071B1B6 /* FirebaseStorageCombine-Community */,
				6E9032992BC569BD0071B1B6 /* SDWebImage */,
				6E90329B2BC569BD0071B1B6 /* SDWebImageMapKit */,
			);
			productName = TwitterClone;
			productReference = 6EAC89502BBBE21D00AA1E25 /* TwitterClone.app */;
			productType = "com.apple.product-type.application";
		};
/* End PBXNativeTarget section */

/* Begin PBXProject section */
		6EAC89482BBBE21D00AA1E25 /* Project object */ = {
			isa = PBXProject;
			attributes = {
				BuildIndependentTargetsInParallel = 1;
				LastSwiftUpdateCheck = 1520;
				LastUpgradeCheck = 1520;
				TargetAttributes = {
					6EAC894F2BBBE21D00AA1E25 = {
						CreatedOnToolsVersion = 15.2;
					};
				};
			};
			buildConfigurationList = 6EAC894B2BBBE21D00AA1E25 /* Build configuration list for PBXProject "TwitterClone" */;
			compatibilityVersion = "Xcode 14.0";
			developmentRegion = en;
			hasScannedForEncodings = 0;
			knownRegions = (
				en,
				Base,
			);
			mainGroup = 6EAC89472BBBE21D00AA1E25;
			packageReferences = (
				6E58E5072BBEC7AB00100A9F /* XCRemoteSwiftPackageReference "firebase-ios-sdk" */,
				6E9032982BC569BD0071B1B6 /* XCRemoteSwiftPackageReference "SDWebImage" */,
			);
			productRefGroup = 6EAC89512BBBE21D00AA1E25 /* Products */;
			projectDirPath = "";
			projectRoot = "";
			targets = (
				6EAC894F2BBBE21D00AA1E25 /* TwitterClone */,
			);
		};
/* End PBXProject section */

/* Begin PBXResourcesBuildPhase section */
		6EAC894E2BBBE21D00AA1E25 /* Resources */ = {
			isa = PBXResourcesBuildPhase;
			buildActionMask = 2147483647;
			files = (
				6E79B1312BBFE22300489668 /* Main.storyboard in Resources */,
				6E58E51A2BBED8CC00100A9F /* GoogleService-Info.plist in Resources */,
				6EAC895D2BBBE22000AA1E25 /* Assets.xcassets in Resources */,
			);
			runOnlyForDeploymentPostprocessing = 0;
		};
/* End PBXResourcesBuildPhase section */

/* Begin PBXSourcesBuildPhase section */
		6EAC894C2BBBE21D00AA1E25 /* Sources */ = {
			isa = PBXSourcesBuildPhase;
			buildActionMask = 2147483647;
			files = (
				6E58E5132BBECD6800100A9F /* Package.swift in Sources */,
				6EAC89792BBC0FC900AA1E25 /* Extensions.swift in Sources */,
				6EAC89542BBBE21D00AA1E25 /* AppDelegate.swift in Sources */,
				6EAC89712BBBE6D100AA1E25 /* FeedController.swift in Sources */,
				6E9032972BC55B970071B1B6 /* User.swift in Sources */,
				6EAC896F2BBBE40800AA1E25 /* MainTabController.swift in Sources */,
				6E4367832BC67948009848C2 /* CaptionTextView.swift in Sources */,
				6EAC897F2BBC1ACC00AA1E25 /* RegistrationController.swift in Sources */,
				6EE38E482BBD326600B7EF02 /* Utilities.swift 12-32-00-801.swift in Sources */,
				6E90329E2BC578F00071B1B6 /* UploadTwitController.swift in Sources */,
				6E79B12F2BBFD67F00489668 /* Constants.swift in Sources */,
				6EAC897D2BBC19A700AA1E25 /* LoginController.swift in Sources */,
				6EAC89752BBBE79D00AA1E25 /* NotificationsController.swift in Sources */,
				6EAC89562BBBE21D00AA1E25 /* SceneDelegate.swift in Sources */,
				6E90326F2BC54E280071B1B6 /* UserService.swift in Sources */,
				6EAC89732BBBE75700AA1E25 /* ExploreController.swift in Sources */,
				6EAC89772BBBE7C000AA1E25 /* MessagesController.swift in Sources */,
				6E79B1352BC00F7C00489668 /* AuthService.swift in Sources */,
			);
			runOnlyForDeploymentPostprocessing = 0;
		};
/* End PBXSourcesBuildPhase section */

/* Begin PBXTargetDependency section */
		6E3FB72B2BBF01AE00269B0D /* PBXTargetDependency */ = {
			isa = PBXTargetDependency;
			productRef = 6E3FB72A2BBF01AE00269B0D /* FirebaseAuth */;
		};
		6E3FB72D2BBF01B700269B0D /* PBXTargetDependency */ = {
			isa = PBXTargetDependency;
			productRef = 6E3FB72C2BBF01B700269B0D /* FirebaseDatabase */;
		};
/* End PBXTargetDependency section */

/* Begin XCBuildConfiguration section */
		6EAC89622BBBE22000AA1E25 /* Debug */ = {
			isa = XCBuildConfiguration;
			buildSettings = {
				ALWAYS_SEARCH_USER_PATHS = NO;
				ASSETCATALOG_COMPILER_GENERATE_SWIFT_ASSET_SYMBOL_EXTENSIONS = YES;
				CLANG_ANALYZER_NONNULL = YES;
				CLANG_ANALYZER_NUMBER_OBJECT_CONVERSION = YES_AGGRESSIVE;
				CLANG_CXX_LANGUAGE_STANDARD = "gnu++20";
				CLANG_ENABLE_MODULES = YES;
				CLANG_ENABLE_OBJC_ARC = YES;
				CLANG_ENABLE_OBJC_WEAK = YES;
				CLANG_WARN_BLOCK_CAPTURE_AUTORELEASING = YES;
				CLANG_WARN_BOOL_CONVERSION = YES;
				CLANG_WARN_COMMA = YES;
				CLANG_WARN_CONSTANT_CONVERSION = YES;
				CLANG_WARN_DEPRECATED_OBJC_IMPLEMENTATIONS = YES;
				CLANG_WARN_DIRECT_OBJC_ISA_USAGE = YES_ERROR;
				CLANG_WARN_DOCUMENTATION_COMMENTS = YES;
				CLANG_WARN_EMPTY_BODY = YES;
				CLANG_WARN_ENUM_CONVERSION = YES;
				CLANG_WARN_INFINITE_RECURSION = YES;
				CLANG_WARN_INT_CONVERSION = YES;
				CLANG_WARN_NON_LITERAL_NULL_CONVERSION = YES;
				CLANG_WARN_OBJC_IMPLICIT_RETAIN_SELF = YES;
				CLANG_WARN_OBJC_LITERAL_CONVERSION = YES;
				CLANG_WARN_OBJC_ROOT_CLASS = YES_ERROR;
				CLANG_WARN_QUOTED_INCLUDE_IN_FRAMEWORK_HEADER = YES;
				CLANG_WARN_RANGE_LOOP_ANALYSIS = YES;
				CLANG_WARN_STRICT_PROTOTYPES = YES;
				CLANG_WARN_SUSPICIOUS_MOVE = YES;
				CLANG_WARN_UNGUARDED_AVAILABILITY = YES_AGGRESSIVE;
				CLANG_WARN_UNREACHABLE_CODE = YES;
				CLANG_WARN__DUPLICATE_METHOD_MATCH = YES;
				COPY_PHASE_STRIP = NO;
				DEBUG_INFORMATION_FORMAT = dwarf;
				ENABLE_STRICT_OBJC_MSGSEND = YES;
				ENABLE_TESTABILITY = YES;
				ENABLE_USER_SCRIPT_SANDBOXING = YES;
				GCC_C_LANGUAGE_STANDARD = gnu17;
				GCC_DYNAMIC_NO_PIC = NO;
				GCC_NO_COMMON_BLOCKS = YES;
				GCC_OPTIMIZATION_LEVEL = 0;
				GCC_PREPROCESSOR_DEFINITIONS = (
					"DEBUG=1",
					"$(inherited)",
				);
				GCC_WARN_64_TO_32_BIT_CONVERSION = YES;
				GCC_WARN_ABOUT_RETURN_TYPE = YES_ERROR;
				GCC_WARN_UNDECLARED_SELECTOR = YES;
				GCC_WARN_UNINITIALIZED_AUTOS = YES_AGGRESSIVE;
				GCC_WARN_UNUSED_FUNCTION = YES;
				GCC_WARN_UNUSED_VARIABLE = YES;
				IPHONEOS_DEPLOYMENT_TARGET = 17.2;
				LOCALIZATION_PREFERS_STRING_CATALOGS = YES;
				MTL_ENABLE_DEBUG_INFO = INCLUDE_SOURCE;
				MTL_FAST_MATH = YES;
				ONLY_ACTIVE_ARCH = YES;
				SDKROOT = iphoneos;
				SWIFT_ACTIVE_COMPILATION_CONDITIONS = "DEBUG $(inherited)";
				SWIFT_OPTIMIZATION_LEVEL = "-Onone";
			};
			name = Debug;
		};
		6EAC89632BBBE22000AA1E25 /* Release */ = {
			isa = XCBuildConfiguration;
			buildSettings = {
				ALWAYS_SEARCH_USER_PATHS = NO;
				ASSETCATALOG_COMPILER_GENERATE_SWIFT_ASSET_SYMBOL_EXTENSIONS = YES;
				CLANG_ANALYZER_NONNULL = YES;
				CLANG_ANALYZER_NUMBER_OBJECT_CONVERSION = YES_AGGRESSIVE;
				CLANG_CXX_LANGUAGE_STANDARD = "gnu++20";
				CLANG_ENABLE_MODULES = YES;
				CLANG_ENABLE_OBJC_ARC = YES;
				CLANG_ENABLE_OBJC_WEAK = YES;
				CLANG_WARN_BLOCK_CAPTURE_AUTORELEASING = YES;
				CLANG_WARN_BOOL_CONVERSION = YES;
				CLANG_WARN_COMMA = YES;
				CLANG_WARN_CONSTANT_CONVERSION = YES;
				CLANG_WARN_DEPRECATED_OBJC_IMPLEMENTATIONS = YES;
				CLANG_WARN_DIRECT_OBJC_ISA_USAGE = YES_ERROR;
				CLANG_WARN_DOCUMENTATION_COMMENTS = YES;
				CLANG_WARN_EMPTY_BODY = YES;
				CLANG_WARN_ENUM_CONVERSION = YES;
				CLANG_WARN_INFINITE_RECURSION = YES;
				CLANG_WARN_INT_CONVERSION = YES;
				CLANG_WARN_NON_LITERAL_NULL_CONVERSION = YES;
				CLANG_WARN_OBJC_IMPLICIT_RETAIN_SELF = YES;
				CLANG_WARN_OBJC_LITERAL_CONVERSION = YES;
				CLANG_WARN_OBJC_ROOT_CLASS = YES_ERROR;
				CLANG_WARN_QUOTED_INCLUDE_IN_FRAMEWORK_HEADER = YES;
				CLANG_WARN_RANGE_LOOP_ANALYSIS = YES;
				CLANG_WARN_STRICT_PROTOTYPES = YES;
				CLANG_WARN_SUSPICIOUS_MOVE = YES;
				CLANG_WARN_UNGUARDED_AVAILABILITY = YES_AGGRESSIVE;
				CLANG_WARN_UNREACHABLE_CODE = YES;
				CLANG_WARN__DUPLICATE_METHOD_MATCH = YES;
				COPY_PHASE_STRIP = NO;
				DEBUG_INFORMATION_FORMAT = "dwarf-with-dsym";
				ENABLE_NS_ASSERTIONS = NO;
				ENABLE_STRICT_OBJC_MSGSEND = YES;
				ENABLE_USER_SCRIPT_SANDBOXING = YES;
				GCC_C_LANGUAGE_STANDARD = gnu17;
				GCC_NO_COMMON_BLOCKS = YES;
				GCC_WARN_64_TO_32_BIT_CONVERSION = YES;
				GCC_WARN_ABOUT_RETURN_TYPE = YES_ERROR;
				GCC_WARN_UNDECLARED_SELECTOR = YES;
				GCC_WARN_UNINITIALIZED_AUTOS = YES_AGGRESSIVE;
				GCC_WARN_UNUSED_FUNCTION = YES;
				GCC_WARN_UNUSED_VARIABLE = YES;
				IPHONEOS_DEPLOYMENT_TARGET = 17.2;
				LOCALIZATION_PREFERS_STRING_CATALOGS = YES;
				MTL_ENABLE_DEBUG_INFO = NO;
				MTL_FAST_MATH = YES;
				SDKROOT = iphoneos;
				SWIFT_COMPILATION_MODE = wholemodule;
				VALIDATE_PRODUCT = YES;
			};
			name = Release;
		};
		6EAC89652BBBE22000AA1E25 /* Debug */ = {
			isa = XCBuildConfiguration;
			buildSettings = {
				ASSETCATALOG_COMPILER_APPICON_NAME = AppIcon;
				ASSETCATALOG_COMPILER_GLOBAL_ACCENT_COLOR_NAME = AccentColor;
				ASSETCATALOG_COMPILER_INCLUDE_ALL_APPICON_ASSETS = NO;
				CODE_SIGN_STYLE = Automatic;
				CURRENT_PROJECT_VERSION = 1;
				DEVELOPMENT_TEAM = M4P77WKU76;
				GENERATE_INFOPLIST_FILE = YES;
				INFOPLIST_FILE = TwitterClone/Info.plist;
				INFOPLIST_KEY_UIApplicationSupportsIndirectInputEvents = YES;
				INFOPLIST_KEY_UILaunchStoryboardName = LoginController;
				INFOPLIST_KEY_UIMainStoryboardFile = Main;
				INFOPLIST_KEY_UISupportedInterfaceOrientations_iPad = "UIInterfaceOrientationPortrait UIInterfaceOrientationPortraitUpsideDown UIInterfaceOrientationLandscapeLeft UIInterfaceOrientationLandscapeRight";
				INFOPLIST_KEY_UISupportedInterfaceOrientations_iPhone = "UIInterfaceOrientationPortrait UIInterfaceOrientationLandscapeLeft UIInterfaceOrientationLandscapeRight";
				LD_RUNPATH_SEARCH_PATHS = (
					"$(inherited)",
					"@executable_path/Frameworks",
				);
				MARKETING_VERSION = 1.0;
				PRODUCT_BUNDLE_IDENTIFIER = com.samu.dual.TwitterClone;
				PRODUCT_NAME = "$(TARGET_NAME)";
				SWIFT_EMIT_LOC_STRINGS = YES;
				SWIFT_VERSION = 5.0;
				TARGETED_DEVICE_FAMILY = "1,2";
			};
			name = Debug;
		};
		6EAC89662BBBE22000AA1E25 /* Release */ = {
			isa = XCBuildConfiguration;
			buildSettings = {
				ASSETCATALOG_COMPILER_APPICON_NAME = AppIcon;
				ASSETCATALOG_COMPILER_GLOBAL_ACCENT_COLOR_NAME = AccentColor;
				ASSETCATALOG_COMPILER_INCLUDE_ALL_APPICON_ASSETS = NO;
				CODE_SIGN_STYLE = Automatic;
				CURRENT_PROJECT_VERSION = 1;
				DEVELOPMENT_TEAM = M4P77WKU76;
				GENERATE_INFOPLIST_FILE = YES;
				INFOPLIST_FILE = TwitterClone/Info.plist;
				INFOPLIST_KEY_UIApplicationSupportsIndirectInputEvents = YES;
				INFOPLIST_KEY_UILaunchStoryboardName = LoginController;
				INFOPLIST_KEY_UIMainStoryboardFile = Main;
				INFOPLIST_KEY_UISupportedInterfaceOrientations_iPad = "UIInterfaceOrientationPortrait UIInterfaceOrientationPortraitUpsideDown UIInterfaceOrientationLandscapeLeft UIInterfaceOrientationLandscapeRight";
				INFOPLIST_KEY_UISupportedInterfaceOrientations_iPhone = "UIInterfaceOrientationPortrait UIInterfaceOrientationLandscapeLeft UIInterfaceOrientationLandscapeRight";
				LD_RUNPATH_SEARCH_PATHS = (
					"$(inherited)",
					"@executable_path/Frameworks",
				);
				MARKETING_VERSION = 1.0;
				PRODUCT_BUNDLE_IDENTIFIER = com.samu.dual.TwitterClone;
				PRODUCT_NAME = "$(TARGET_NAME)";
				SWIFT_EMIT_LOC_STRINGS = YES;
				SWIFT_VERSION = 5.0;
				TARGETED_DEVICE_FAMILY = "1,2";
			};
			name = Release;
		};
/* End XCBuildConfiguration section */

/* Begin XCConfigurationList section */
		6EAC894B2BBBE21D00AA1E25 /* Build configuration list for PBXProject "TwitterClone" */ = {
			isa = XCConfigurationList;
			buildConfigurations = (
				6EAC89622BBBE22000AA1E25 /* Debug */,
				6EAC89632BBBE22000AA1E25 /* Release */,
			);
			defaultConfigurationIsVisible = 0;
			defaultConfigurationName = Release;
		};
		6EAC89642BBBE22000AA1E25 /* Build configuration list for PBXNativeTarget "TwitterClone" */ = {
			isa = XCConfigurationList;
			buildConfigurations = (
				6EAC89652BBBE22000AA1E25 /* Debug */,
				6EAC89662BBBE22000AA1E25 /* Release */,
			);
			defaultConfigurationIsVisible = 0;
			defaultConfigurationName = Release;
		};
/* End XCConfigurationList section */

/* Begin XCRemoteSwiftPackageReference section */
		6E58E5072BBEC7AB00100A9F /* XCRemoteSwiftPackageReference "firebase-ios-sdk" */ = {
			isa = XCRemoteSwiftPackageReference;
			repositoryURL = "https://github.com/firebase/firebase-ios-sdk";
			requirement = {
				kind = upToNextMajorVersion;
				minimumVersion = 10.23.1;
			};
		};
		6E9032982BC569BD0071B1B6 /* XCRemoteSwiftPackageReference "SDWebImage" */ = {
			isa = XCRemoteSwiftPackageReference;
			repositoryURL = "https://github.com/SDWebImage/SDWebImage?tab=readme-ov-file";
			requirement = {
				kind = upToNextMajorVersion;
				minimumVersion = 5.19.1;
			};
		};
/* End XCRemoteSwiftPackageReference section */

/* Begin XCSwiftPackageProductDependency section */
		6E3FB72A2BBF01AE00269B0D /* FirebaseAuth */ = {
			isa = XCSwiftPackageProductDependency;
			package = 6E58E5072BBEC7AB00100A9F /* XCRemoteSwiftPackageReference "firebase-ios-sdk" */;
			productName = FirebaseAuth;
		};
		6E3FB72C2BBF01B700269B0D /* FirebaseDatabase */ = {
			isa = XCSwiftPackageProductDependency;
			package = 6E58E5072BBEC7AB00100A9F /* XCRemoteSwiftPackageReference "firebase-ios-sdk" */;
			productName = FirebaseDatabase;
		};
		6E58E5082BBEC7AB00100A9F /* FirebaseAnalytics */ = {
			isa = XCSwiftPackageProductDependency;
			package = 6E58E5072BBEC7AB00100A9F /* XCRemoteSwiftPackageReference "firebase-ios-sdk" */;
			productName = FirebaseAnalytics;
		};
		6E58E50A2BBEC7AB00100A9F /* FirebaseAnalyticsOnDeviceConversion */ = {
			isa = XCSwiftPackageProductDependency;
			package = 6E58E5072BBEC7AB00100A9F /* XCRemoteSwiftPackageReference "firebase-ios-sdk" */;
			productName = FirebaseAnalyticsOnDeviceConversion;
		};
		6E58E50C2BBEC7AB00100A9F /* FirebaseAnalyticsSwift */ = {
			isa = XCSwiftPackageProductDependency;
			package = 6E58E5072BBEC7AB00100A9F /* XCRemoteSwiftPackageReference "firebase-ios-sdk" */;
			productName = FirebaseAnalyticsSwift;
		};
		6E58E50E2BBEC7AB00100A9F /* FirebaseAnalyticsWithoutAdIdSupport */ = {
			isa = XCSwiftPackageProductDependency;
			package = 6E58E5072BBEC7AB00100A9F /* XCRemoteSwiftPackageReference "firebase-ios-sdk" */;
			productName = FirebaseAnalyticsWithoutAdIdSupport;
		};
		6E58E5102BBEC7AB00100A9F /* FirebaseAppCheck */ = {
			isa = XCSwiftPackageProductDependency;
			package = 6E58E5072BBEC7AB00100A9F /* XCRemoteSwiftPackageReference "firebase-ios-sdk" */;
			productName = FirebaseAppCheck;
		};
		6E58E5152BBECE6800100A9F /* FirebaseAuth */ = {
			isa = XCSwiftPackageProductDependency;
			package = 6E58E5072BBEC7AB00100A9F /* XCRemoteSwiftPackageReference "firebase-ios-sdk" */;
			productName = FirebaseAuth;
		};
		6E58E5172BBECEBE00100A9F /* FirebaseDatabase */ = {
			isa = XCSwiftPackageProductDependency;
			package = 6E58E5072BBEC7AB00100A9F /* XCRemoteSwiftPackageReference "firebase-ios-sdk" */;
			productName = FirebaseDatabase;
		};
		6E79B1322BBFE53E00489668 /* FirebaseStorage */ = {
			isa = XCSwiftPackageProductDependency;
			package = 6E58E5072BBEC7AB00100A9F /* XCRemoteSwiftPackageReference "firebase-ios-sdk" */;
			productName = FirebaseStorage;
		};
		6E9032702BC5562F0071B1B6 /* FirebaseAppDistribution-Beta */ = {
			isa = XCSwiftPackageProductDependency;
			package = 6E58E5072BBEC7AB00100A9F /* XCRemoteSwiftPackageReference "firebase-ios-sdk" */;
			productName = "FirebaseAppDistribution-Beta";
		};
		6E9032722BC5562F0071B1B6 /* FirebaseAuthCombine-Community */ = {
			isa = XCSwiftPackageProductDependency;
			package = 6E58E5072BBEC7AB00100A9F /* XCRemoteSwiftPackageReference "firebase-ios-sdk" */;
			productName = "FirebaseAuthCombine-Community";
		};
		6E9032742BC5562F0071B1B6 /* FirebaseCrashlytics */ = {
			isa = XCSwiftPackageProductDependency;
			package = 6E58E5072BBEC7AB00100A9F /* XCRemoteSwiftPackageReference "firebase-ios-sdk" */;
			productName = FirebaseCrashlytics;
		};
		6E9032762BC5562F0071B1B6 /* FirebaseDatabaseSwift */ = {
			isa = XCSwiftPackageProductDependency;
			package = 6E58E5072BBEC7AB00100A9F /* XCRemoteSwiftPackageReference "firebase-ios-sdk" */;
			productName = FirebaseDatabaseSwift;
		};
		6E9032782BC5562F0071B1B6 /* FirebaseDynamicLinks */ = {
			isa = XCSwiftPackageProductDependency;
			package = 6E58E5072BBEC7AB00100A9F /* XCRemoteSwiftPackageReference "firebase-ios-sdk" */;
			productName = FirebaseDynamicLinks;
		};
		6E90327A2BC5562F0071B1B6 /* FirebaseFirestore */ = {
			isa = XCSwiftPackageProductDependency;
			package = 6E58E5072BBEC7AB00100A9F /* XCRemoteSwiftPackageReference "firebase-ios-sdk" */;
			productName = FirebaseFirestore;
		};
		6E90327C2BC5562F0071B1B6 /* FirebaseFirestoreCombine-Community */ = {
			isa = XCSwiftPackageProductDependency;
			package = 6E58E5072BBEC7AB00100A9F /* XCRemoteSwiftPackageReference "firebase-ios-sdk" */;
			productName = "FirebaseFirestoreCombine-Community";
		};
		6E90327E2BC5562F0071B1B6 /* FirebaseFirestoreSwift */ = {
			isa = XCSwiftPackageProductDependency;
			package = 6E58E5072BBEC7AB00100A9F /* XCRemoteSwiftPackageReference "firebase-ios-sdk" */;
			productName = FirebaseFirestoreSwift;
		};
		6E9032802BC5562F0071B1B6 /* FirebaseFunctions */ = {
			isa = XCSwiftPackageProductDependency;
			package = 6E58E5072BBEC7AB00100A9F /* XCRemoteSwiftPackageReference "firebase-ios-sdk" */;
			productName = FirebaseFunctions;
		};
		6E9032822BC5562F0071B1B6 /* FirebaseFunctionsCombine-Community */ = {
			isa = XCSwiftPackageProductDependency;
			package = 6E58E5072BBEC7AB00100A9F /* XCRemoteSwiftPackageReference "firebase-ios-sdk" */;
			productName = "FirebaseFunctionsCombine-Community";
		};
		6E9032842BC5562F0071B1B6 /* FirebaseInAppMessaging-Beta */ = {
			isa = XCSwiftPackageProductDependency;
			package = 6E58E5072BBEC7AB00100A9F /* XCRemoteSwiftPackageReference "firebase-ios-sdk" */;
			productName = "FirebaseInAppMessaging-Beta";
		};
		6E9032862BC5562F0071B1B6 /* FirebaseInAppMessagingSwift-Beta */ = {
			isa = XCSwiftPackageProductDependency;
			package = 6E58E5072BBEC7AB00100A9F /* XCRemoteSwiftPackageReference "firebase-ios-sdk" */;
			productName = "FirebaseInAppMessagingSwift-Beta";
		};
		6E9032882BC5562F0071B1B6 /* FirebaseInstallations */ = {
			isa = XCSwiftPackageProductDependency;
			package = 6E58E5072BBEC7AB00100A9F /* XCRemoteSwiftPackageReference "firebase-ios-sdk" */;
			productName = FirebaseInstallations;
		};
		6E90328A2BC5562F0071B1B6 /* FirebaseMessaging */ = {
			isa = XCSwiftPackageProductDependency;
			package = 6E58E5072BBEC7AB00100A9F /* XCRemoteSwiftPackageReference "firebase-ios-sdk" */;
			productName = FirebaseMessaging;
		};
		6E90328C2BC5562F0071B1B6 /* FirebaseMLModelDownloader */ = {
			isa = XCSwiftPackageProductDependency;
			package = 6E58E5072BBEC7AB00100A9F /* XCRemoteSwiftPackageReference "firebase-ios-sdk" */;
			productName = FirebaseMLModelDownloader;
		};
		6E90328E2BC5562F0071B1B6 /* FirebasePerformance */ = {
			isa = XCSwiftPackageProductDependency;
			package = 6E58E5072BBEC7AB00100A9F /* XCRemoteSwiftPackageReference "firebase-ios-sdk" */;
			productName = FirebasePerformance;
		};
		6E9032902BC5562F0071B1B6 /* FirebaseRemoteConfig */ = {
			isa = XCSwiftPackageProductDependency;
			package = 6E58E5072BBEC7AB00100A9F /* XCRemoteSwiftPackageReference "firebase-ios-sdk" */;
			productName = FirebaseRemoteConfig;
		};
		6E9032922BC5562F0071B1B6 /* FirebaseRemoteConfigSwift */ = {
			isa = XCSwiftPackageProductDependency;
			package = 6E58E5072BBEC7AB00100A9F /* XCRemoteSwiftPackageReference "firebase-ios-sdk" */;
			productName = FirebaseRemoteConfigSwift;
		};
		6E9032942BC5562F0071B1B6 /* FirebaseStorageCombine-Community */ = {
			isa = XCSwiftPackageProductDependency;
			package = 6E58E5072BBEC7AB00100A9F /* XCRemoteSwiftPackageReference "firebase-ios-sdk" */;
			productName = "FirebaseStorageCombine-Community";
		};
		6E9032992BC569BD0071B1B6 /* SDWebImage */ = {
			isa = XCSwiftPackageProductDependency;
			package = 6E9032982BC569BD0071B1B6 /* XCRemoteSwiftPackageReference "SDWebImage" */;
			productName = SDWebImage;
		};
		6E90329B2BC569BD0071B1B6 /* SDWebImageMapKit */ = {
			isa = XCSwiftPackageProductDependency;
			package = 6E9032982BC569BD0071B1B6 /* XCRemoteSwiftPackageReference "SDWebImage" */;
			productName = SDWebImageMapKit;
		};
/* End XCSwiftPackageProductDependency section */
	};
	rootObject = 6EAC89482BBBE21D00AA1E25 /* Project object */;
}
